
Microsoft Visual Studio Solution File, Format Version 12.00
# Visual Studio Version 17
VisualStudioVersion = 17.5.001.0
MinimumVisualStudioVersion = 10.0.40219.1
Project("{9A19103F-16F7-4668-BE54-9A1E7A4F7556}") = "Task_10", "Task_10.csproj", "{DF74099E-9144-479E-A140-3C482787772A}"
EndProject
Global
	GlobalSection(SolutionConfigurationPlatforms) = preSolution
		Debug|Any CPU = Debug|Any CPU
		Release|Any CPU = Release|Any CPU
	EndGlobalSection
	GlobalSection(ProjectConfigurationPlatforms) = postSolution
		{DF74099E-9144-479E-A140-3C482787772A}.Debug|Any CPU.ActiveCfg = Debug|Any CPU
		{DF74099E-9144-479E-A140-3C482787772A}.Debug|Any CPU.Build.0 = Debug|Any CPU
		{DF74099E-9144-479E-A140-3C482787772A}.Release|Any CPU.ActiveCfg = Release|Any CPU
		{DF74099E-9144-479E-A140-3C482787772A}.Release|Any CPU.Build.0 = Release|Any CPU
	EndGlobalSection
	GlobalSection(SolutionProperties) = preSolution
		HideSolutionNode = FALSE
	EndGlobalSection
	GlobalSection(ExtensibilityGlobals) = postSolution
		SolutionGuid = {EB42188E-E967-4A72-893F-EBA2AEABB9DF}
	EndGlobalSection
EndGlobal
